
Microsoft Visual Studio Solution File, Format Version 12.00
# Visual Studio Version 17
VisualStudioVersion = 17.4.33205.214
MinimumVisualStudioVersion = 10.0.40219.1
Project("{FAE04EC0-301F-11D3-BF4B-00C04F79EFBC}") = "ExpenseTrackerFTSDA3_GrpB", "ExpenseTrackerFTSDA3_GrpB\ExpenseTrackerFTSDA3_GrpB.csproj", "{382B6406-2815-4CA9-BEBB-AC9AABA92E7D}"
EndProject
Global
	GlobalSection(SolutionConfigurationPlatforms) = preSolution
		Debug|Any CPU = Debug|Any CPU
		Release|Any CPU = Release|Any CPU
	EndGlobalSection
	GlobalSection(ProjectConfigurationPlatforms) = postSolution
		{382B6406-2815-4CA9-BEBB-AC9AABA92E7D}.Debug|Any CPU.ActiveCfg = Debug|Any CPU
		{382B6406-2815-4CA9-BEBB-AC9AABA92E7D}.Debug|Any CPU.Build.0 = Debug|Any CPU
		{382B6406-2815-4CA9-BEBB-AC9AABA92E7D}.Release|Any CPU.ActiveCfg = Release|Any CPU
		{382B6406-2815-4CA9-BEBB-AC9AABA92E7D}.Release|Any CPU.Build.0 = Release|Any CPU
	EndGlobalSection
	GlobalSection(SolutionProperties) = preSolution
		HideSolutionNode = FALSE
	EndGlobalSection
	GlobalSection(ExtensibilityGlobals) = postSolution
		SolutionGuid = {4965BC7F-6939-4C3A-8265-79D54222A78A}
	EndGlobalSection
EndGlobal
